// !$*UTF8*$!
{
	archiveVersion = 1;
	classes = {
	};
	objectVersion = 55;
	objects = {

/* Begin PBXBuildFile section */
		049919752802FF3200047A94 /* AppDelegate.swift in Sources */ = {isa = PBXBuildFile; fileRef = 049919742802FF3200047A94 /* AppDelegate.swift */; };
		049919772802FF3200047A94 /* SceneDelegate.swift in Sources */ = {isa = PBXBuildFile; fileRef = 049919762802FF3200047A94 /* SceneDelegate.swift */; };
		049919792802FF3200047A94 /* ViewController.swift in Sources */ = {isa = PBXBuildFile; fileRef = 049919782802FF3200047A94 /* ViewController.swift */; };
		0499197C2802FF3200047A94 /* Main.storyboard in Resources */ = {isa = PBXBuildFile; fileRef = 0499197A2802FF3200047A94 /* Main.storyboard */; };
		0499197E2802FF3400047A94 /* Assets.xcassets in Resources */ = {isa = PBXBuildFile; fileRef = 0499197D2802FF3400047A94 /* Assets.xcassets */; };
		049919812802FF3400047A94 /* LaunchScreen.storyboard in Resources */ = {isa = PBXBuildFile; fileRef = 0499197F2802FF3400047A94 /* LaunchScreen.storyboard */; };
		0499198D2803014B00047A94 /* DataManage.swift in Sources */ = {isa = PBXBuildFile; fileRef = 0499198C2803014B00047A94 /* DataManage.swift */; };
		0499198F2803017D00047A94 /* Schedule.swift in Sources */ = {isa = PBXBuildFile; fileRef = 0499198E2803017D00047A94 /* Schedule.swift */; };
		049919912803066600047A94 /* ResultTableViewController.swift in Sources */ = {isa = PBXBuildFile; fileRef = 049919902803066600047A94 /* ResultTableViewController.swift */; };
		04991993280352C600047A94 /* NameTableViewController.swift in Sources */ = {isa = PBXBuildFile; fileRef = 04991992280352C600047A94 /* NameTableViewController.swift */; };
		049919952803561900047A94 /* ListViewController.swift in Sources */ = {isa = PBXBuildFile; fileRef = 049919942803561900047A94 /* ListViewController.swift */; };
		04A977142809E5FC00450865 /* AddNameViewController.swift in Sources */ = {isa = PBXBuildFile; fileRef = 04A977132809E5FC00450865 /* AddNameViewController.swift */; };
		04A97716280A04D100450865 /* TimeTableViewController.swift in Sources */ = {isa = PBXBuildFile; fileRef = 04A97715280A04D100450865 /* TimeTableViewController.swift */; };
		04A9771A280A06EE00450865 /* AddTimeViewController.swift in Sources */ = {isa = PBXBuildFile; fileRef = 04A97719280A06EE00450865 /* AddTimeViewController.swift */; };
		04B7000328095D850055FBF7 /* SaveTableViewController.swift in Sources */ = {isa = PBXBuildFile; fileRef = 04B7000228095D850055FBF7 /* SaveTableViewController.swift */; };
/* End PBXBuildFile section */

/* Begin PBXFileReference section */
		049919712802FF3200047A94 /* Scedule 2.app */ = {isa = PBXFileReference; explicitFileType = wrapper.application; includeInIndex = 0; path = "Scedule 2.app"; sourceTree = BUILT_PRODUCTS_DIR; };
		049919742802FF3200047A94 /* AppDelegate.swift */ = {isa = PBXFileReference; lastKnownFileType = sourcecode.swift; path = AppDelegate.swift; sourceTree = "<group>"; };
		049919762802FF3200047A94 /* SceneDelegate.swift */ = {isa = PBXFileReference; lastKnownFileType = sourcecode.swift; path = SceneDelegate.swift; sourceTree = "<group>"; };
		049919782802FF3200047A94 /* ViewController.swift */ = {isa = PBXFileReference; lastKnownFileType = sourcecode.swift; path = ViewController.swift; sourceTree = "<group>"; };
		0499197B2802FF3200047A94 /* Base */ = {isa = PBXFileReference; lastKnownFileType = file.storyboard; name = Base; path = Base.lproj/Main.storyboard; sourceTree = "<group>"; };
		0499197D2802FF3400047A94 /* Assets.xcassets */ = {isa = PBXFileReference; lastKnownFileType = folder.assetcatalog; path = Assets.xcassets; sourceTree = "<group>"; };
		049919802802FF3400047A94 /* Base */ = {isa = PBXFileReference; lastKnownFileType = file.storyboard; name = Base; path = Base.lproj/LaunchScreen.storyboard; sourceTree = "<group>"; };
		049919822802FF3400047A94 /* Info.plist */ = {isa = PBXFileReference; lastKnownFileType = text.plist.xml; path = Info.plist; sourceTree = "<group>"; };
		0499198C2803014B00047A94 /* DataManage.swift */ = {isa = PBXFileReference; lastKnownFileType = sourcecode.swift; path = DataManage.swift; sourceTree = "<group>"; };
		0499198E2803017D00047A94 /* Schedule.swift */ = {isa = PBXFileReference; lastKnownFileType = sourcecode.swift; path = Schedule.swift; sourceTree = "<group>"; };
		049919902803066600047A94 /* ResultTableViewController.swift */ = {isa = PBXFileReference; lastKnownFileType = sourcecode.swift; path = ResultTableViewController.swift; sourceTree = "<group>"; };
		04991992280352C600047A94 /* NameTableViewController.swift */ = {isa = PBXFileReference; lastKnownFileType = sourcecode.swift; path = NameTableViewController.swift; sourceTree = "<group>"; };
		049919942803561900047A94 /* ListViewController.swift */ = {isa = PBXFileReference; lastKnownFileType = sourcecode.swift; path = ListViewController.swift; sourceTree = "<group>"; };
		04A977132809E5FC00450865 /* AddNameViewController.swift */ = {isa = PBXFileReference; lastKnownFileType = sourcecode.swift; path = AddNameViewController.swift; sourceTree = "<group>"; };
		04A97715280A04D100450865 /* TimeTableViewController.swift */ = {isa = PBXFileReference; lastKnownFileType = sourcecode.swift; path = TimeTableViewController.swift; sourceTree = "<group>"; };
		04A97719280A06EE00450865 /* AddTimeViewController.swift */ = {isa = PBXFileReference; lastKnownFileType = sourcecode.swift; path = AddTimeViewController.swift; sourceTree = "<group>"; };
		04B7000228095D850055FBF7 /* SaveTableViewController.swift */ = {isa = PBXFileReference; lastKnownFileType = sourcecode.swift; path = SaveTableViewController.swift; sourceTree = "<group>"; };
/* End PBXFileReference section */

/* Begin PBXFrameworksBuildPhase section */
		0499196E2802FF3200047A94 /* Frameworks */ = {
			isa = PBXFrameworksBuildPhase;
			buildActionMask = 2147483647;
			files = (
			);
			runOnlyForDeploymentPostprocessing = 0;
		};
/* End PBXFrameworksBuildPhase section */

/* Begin PBXGroup section */
		049919682802FF3200047A94 = {
			isa = PBXGroup;
			children = (
				049919732802FF3200047A94 /* Scedule 2 */,
				049919722802FF3200047A94 /* Products */,
			);
			sourceTree = "<group>";
		};
		049919722802FF3200047A94 /* Products */ = {
			isa = PBXGroup;
			children = (
				049919712802FF3200047A94 /* Scedule 2.app */,
			);
			name = Products;
			sourceTree = "<group>";
		};
		049919732802FF3200047A94 /* Scedule 2 */ = {
			isa = PBXGroup;
			children = (
				0499198A280300E600047A94 /* Model */,
				049919882802FF4800047A94 /* View */,
				0499198B2803010400047A94 /* Controller */,
				049919892802FFA500047A94 /* Sistem */,
				0499197D2802FF3400047A94 /* Assets.xcassets */,
				0499198C2803014B00047A94 /* DataManage.swift */,
			);
			path = "Scedule 2";
			sourceTree = "<group>";
		};
		049919882802FF4800047A94 /* View */ = {
			isa = PBXGroup;
			children = (
				0499197A2802FF3200047A94 /* Main.storyboard */,
				0499197F2802FF3400047A94 /* LaunchScreen.storyboard */,
			);
			path = View;
			sourceTree = "<group>";
		};
		049919892802FFA500047A94 /* Sistem */ = {
			isa = PBXGroup;
			children = (
				049919742802FF3200047A94 /* AppDelegate.swift */,
				049919762802FF3200047A94 /* SceneDelegate.swift */,
				049919822802FF3400047A94 /* Info.plist */,
			);
			path = Sistem;
			sourceTree = "<group>";
		};
		0499198A280300E600047A94 /* Model */ = {
			isa = PBXGroup;
			children = (
				0499198E2803017D00047A94 /* Schedule.swift */,
			);
			path = Model;
			sourceTree = "<group>";
		};
		0499198B2803010400047A94 /* Controller */ = {
			isa = PBXGroup;
			children = (
				04A977132809E5FC00450865 /* AddNameViewController.swift */,
				049919782802FF3200047A94 /* ViewController.swift */,
				049919902803066600047A94 /* ResultTableViewController.swift */,
				04991992280352C600047A94 /* NameTableViewController.swift */,
				049919942803561900047A94 /* ListViewController.swift */,
				04B7000228095D850055FBF7 /* SaveTableViewController.swift */,
				04A97715280A04D100450865 /* TimeTableViewController.swift */,
				04A97719280A06EE00450865 /* AddTimeViewController.swift */,
			);
			path = Controller;
			sourceTree = "<group>";
		};
/* End PBXGroup section */

/* Begin PBXNativeTarget section */
		049919702802FF3200047A94 /* Scedule 2 */ = {
			isa = PBXNativeTarget;
			buildConfigurationList = 049919852802FF3400047A94 /* Build configuration list for PBXNativeTarget "Scedule 2" */;
			buildPhases = (
				0499196D2802FF3200047A94 /* Sources */,
				0499196E2802FF3200047A94 /* Frameworks */,
				0499196F2802FF3200047A94 /* Resources */,
			);
			buildRules = (
			);
			dependencies = (
			);
			name = "Scedule 2";
			productName = "Scedule 2";
			productReference = 049919712802FF3200047A94 /* Scedule 2.app */;
			productType = "com.apple.product-type.application";
		};
/* End PBXNativeTarget section */

/* Begin PBXProject section */
		049919692802FF3200047A94 /* Project object */ = {
			isa = PBXProject;
			attributes = {
				BuildIndependentTargetsInParallel = 1;
				LastSwiftUpdateCheck = 1320;
				LastUpgradeCheck = 1320;
				TargetAttributes = {
					049919702802FF3200047A94 = {
						CreatedOnToolsVersion = 13.2.1;
					};
				};
			};
			buildConfigurationList = 0499196C2802FF3200047A94 /* Build configuration list for PBXProject "Scedule 2" */;
			compatibilityVersion = "Xcode 13.0";
			developmentRegion = en;
			hasScannedForEncodings = 0;
			knownRegions = (
				en,
				Base,
			);
			mainGroup = 049919682802FF3200047A94;
			productRefGroup = 049919722802FF3200047A94 /* Products */;
			projectDirPath = "";
			projectRoot = "";
			targets = (
				049919702802FF3200047A94 /* Scedule 2 */,
			);
		};
/* End PBXProject section */

/* Begin PBXResourcesBuildPhase section */
		0499196F2802FF3200047A94 /* Resources */ = {
			isa = PBXResourcesBuildPhase;
			buildActionMask = 2147483647;
			files = (
				049919812802FF3400047A94 /* LaunchScreen.storyboard in Resources */,
				0499197E2802FF3400047A94 /* Assets.xcassets in Resources */,
				0499197C2802FF3200047A94 /* Main.storyboard in Resources */,
			);
			runOnlyForDeploymentPostprocessing = 0;
		};
/* End PBXResourcesBuildPhase section */

/* Begin PBXSourcesBuildPhase section */
		0499196D2802FF3200047A94 /* Sources */ = {
			isa = PBXSourcesBuildPhase;
			buildActionMask = 2147483647;
			files = (
				049919792802FF3200047A94 /* ViewController.swift in Sources */,
				04A9771A280A06EE00450865 /* AddTimeViewController.swift in Sources */,
				04A977142809E5FC00450865 /* AddNameViewController.swift in Sources */,
				049919752802FF3200047A94 /* AppDelegate.swift in Sources */,
				049919912803066600047A94 /* ResultTableViewController.swift in Sources */,
				04B7000328095D850055FBF7 /* SaveTableViewController.swift in Sources */,
				0499198D2803014B00047A94 /* DataManage.swift in Sources */,
				0499198F2803017D00047A94 /* Schedule.swift in Sources */,
				04991993280352C600047A94 /* NameTableViewController.swift in Sources */,
				04A97716280A04D100450865 /* TimeTableViewController.swift in Sources */,
				049919952803561900047A94 /* ListViewController.swift in Sources */,
				049919772802FF3200047A94 /* SceneDelegate.swift in Sources */,
			);
			runOnlyForDeploymentPostprocessing = 0;
		};
/* End PBXSourcesBuildPhase section */

/* Begin PBXVariantGroup section */
		0499197A2802FF3200047A94 /* Main.storyboard */ = {
			isa = PBXVariantGroup;
			children = (
				0499197B2802FF3200047A94 /* Base */,
			);
			name = Main.storyboard;
			sourceTree = "<group>";
		};
		0499197F2802FF3400047A94 /* LaunchScreen.storyboard */ = {
			isa = PBXVariantGroup;
			children = (
				049919802802FF3400047A94 /* Base */,
			);
			name = LaunchScreen.storyboard;
			sourceTree = "<group>";
		};
/* End PBXVariantGroup section */

/* Begin XCBuildConfiguration section */
		049919832802FF3400047A94 /* Debug */ = {
			isa = XCBuildConfiguration;
			buildSettings = {
				ALWAYS_SEARCH_USER_PATHS = NO;
				CLANG_ANALYZER_NONNULL = YES;
				CLANG_ANALYZER_NUMBER_OBJECT_CONVERSION = YES_AGGRESSIVE;
				CLANG_CXX_LANGUAGE_STANDARD = "gnu++17";
				CLANG_CXX_LIBRARY = "libc++";
				CLANG_ENABLE_MODULES = YES;
				CLANG_ENABLE_OBJC_ARC = YES;
				CLANG_ENABLE_OBJC_WEAK = YES;
				CLANG_WARN_BLOCK_CAPTURE_AUTORELEASING = YES;
				CLANG_WARN_BOOL_CONVERSION = YES;
				CLANG_WARN_COMMA = YES;
				CLANG_WARN_CONSTANT_CONVERSION = YES;
				CLANG_WARN_DEPRECATED_OBJC_IMPLEMENTATIONS = YES;
				CLANG_WARN_DIRECT_OBJC_ISA_USAGE = YES_ERROR;
				CLANG_WARN_DOCUMENTATION_COMMENTS = YES;
				CLANG_WARN_EMPTY_BODY = YES;
				CLANG_WARN_ENUM_CONVERSION = YES;
				CLANG_WARN_INFINITE_RECURSION = YES;
				CLANG_WARN_INT_CONVERSION = YES;
				CLANG_WARN_NON_LITERAL_NULL_CONVERSION = YES;
				CLANG_WARN_OBJC_IMPLICIT_RETAIN_SELF = YES;
				CLANG_WARN_OBJC_LITERAL_CONVERSION = YES;
				CLANG_WARN_OBJC_ROOT_CLASS = YES_ERROR;
				CLANG_WARN_QUOTED_INCLUDE_IN_FRAMEWORK_HEADER = YES;
				CLANG_WARN_RANGE_LOOP_ANALYSIS = YES;
				CLANG_WARN_STRICT_PROTOTYPES = YES;
				CLANG_WARN_SUSPICIOUS_MOVE = YES;
				CLANG_WARN_UNGUARDED_AVAILABILITY = YES_AGGRESSIVE;
				CLANG_WARN_UNREACHABLE_CODE = YES;
				CLANG_WARN__DUPLICATE_METHOD_MATCH = YES;
				COPY_PHASE_STRIP = NO;
				DEBUG_INFORMATION_FORMAT = dwarf;
				ENABLE_STRICT_OBJC_MSGSEND = YES;
				ENABLE_TESTABILITY = YES;
				GCC_C_LANGUAGE_STANDARD = gnu11;
				GCC_DYNAMIC_NO_PIC = NO;
				GCC_NO_COMMON_BLOCKS = YES;
				GCC_OPTIMIZATION_LEVEL = 0;
				GCC_PREPROCESSOR_DEFINITIONS = (
					"DEBUG=1",
					"$(inherited)",
				);
				GCC_WARN_64_TO_32_BIT_CONVERSION = YES;
				GCC_WARN_ABOUT_RETURN_TYPE = YES_ERROR;
				GCC_WARN_UNDECLARED_SELECTOR = YES;
				GCC_WARN_UNINITIALIZED_AUTOS = YES_AGGRESSIVE;
				GCC_WARN_UNUSED_FUNCTION = YES;
				GCC_WARN_UNUSED_VARIABLE = YES;
				IPHONEOS_DEPLOYMENT_TARGET = 15.2;
				MTL_ENABLE_DEBUG_INFO = INCLUDE_SOURCE;
				MTL_FAST_MATH = YES;
				ONLY_ACTIVE_ARCH = YES;
				SDKROOT = iphoneos;
				SWIFT_ACTIVE_COMPILATION_CONDITIONS = DEBUG;
				SWIFT_OPTIMIZATION_LEVEL = "-Onone";
			};
			name = Debug;
		};
		049919842802FF3400047A94 /* Release */ = {
			isa = XCBuildConfiguration;
			buildSettings = {
				ALWAYS_SEARCH_USER_PATHS = NO;
				CLANG_ANALYZER_NONNULL = YES;
				CLANG_ANALYZER_NUMBER_OBJECT_CONVERSION = YES_AGGRESSIVE;
				CLANG_CXX_LANGUAGE_STANDARD = "gnu++17";
				CLANG_CXX_LIBRARY = "libc++";
				CLANG_ENABLE_MODULES = YES;
				CLANG_ENABLE_OBJC_ARC = YES;
				CLANG_ENABLE_OBJC_WEAK = YES;
				CLANG_WARN_BLOCK_CAPTURE_AUTORELEASING = YES;
				CLANG_WARN_BOOL_CONVERSION = YES;
				CLANG_WARN_COMMA = YES;
				CLANG_WARN_CONSTANT_CONVERSION = YES;
				CLANG_WARN_DEPRECATED_OBJC_IMPLEMENTATIONS = YES;
				CLANG_WARN_DIRECT_OBJC_ISA_USAGE = YES_ERROR;
				CLANG_WARN_DOCUMENTATION_COMMENTS = YES;
				CLANG_WARN_EMPTY_BODY = YES;
				CLANG_WARN_ENUM_CONVERSION = YES;
				CLANG_WARN_INFINITE_RECURSION = YES;
				CLANG_WARN_INT_CONVERSION = YES;
				CLANG_WARN_NON_LITERAL_NULL_CONVERSION = YES;
				CLANG_WARN_OBJC_IMPLICIT_RETAIN_SELF = YES;
				CLANG_WARN_OBJC_LITERAL_CONVERSION = YES;
				CLANG_WARN_OBJC_ROOT_CLASS = YES_ERROR;
				CLANG_WARN_QUOTED_INCLUDE_IN_FRAMEWORK_HEADER = YES;
				CLANG_WARN_RANGE_LOOP_ANALYSIS = YES;
				CLANG_WARN_STRICT_PROTOTYPES = YES;
				CLANG_WARN_SUSPICIOUS_MOVE = YES;
				CLANG_WARN_UNGUARDED_AVAILABILITY = YES_AGGRESSIVE;
				CLANG_WARN_UNREACHABLE_CODE = YES;
				CLANG_WARN__DUPLICATE_METHOD_MATCH = YES;
				COPY_PHASE_STRIP = NO;
				DEBUG_INFORMATION_FORMAT = "dwarf-with-dsym";
				ENABLE_NS_ASSERTIONS = NO;
				ENABLE_STRICT_OBJC_MSGSEND = YES;
				GCC_C_LANGUAGE_STANDARD = gnu11;
				GCC_NO_COMMON_BLOCKS = YES;
				GCC_WARN_64_TO_32_BIT_CONVERSION = YES;
				GCC_WARN_ABOUT_RETURN_TYPE = YES_ERROR;
				GCC_WARN_UNDECLARED_SELECTOR = YES;
				GCC_WARN_UNINITIALIZED_AUTOS = YES_AGGRESSIVE;
				GCC_WARN_UNUSED_FUNCTION = YES;
				GCC_WARN_UNUSED_VARIABLE = YES;
				IPHONEOS_DEPLOYMENT_TARGET = 15.2;
				MTL_ENABLE_DEBUG_INFO = NO;
				MTL_FAST_MATH = YES;
				SDKROOT = iphoneos;
				SWIFT_COMPILATION_MODE = wholemodule;
				SWIFT_OPTIMIZATION_LEVEL = "-O";
				VALIDATE_PRODUCT = YES;
			};
			name = Release;
		};
		049919862802FF3400047A94 /* Debug */ = {
			isa = XCBuildConfiguration;
			buildSettings = {
				ASSETCATALOG_COMPILER_APPICON_NAME = AppIcon;
				ASSETCATALOG_COMPILER_GLOBAL_ACCENT_COLOR_NAME = AccentColor;
				CODE_SIGN_STYLE = Automatic;
				CURRENT_PROJECT_VERSION = 1;
				DEVELOPMENT_TEAM = WZJ6JFW8X2;
				GENERATE_INFOPLIST_FILE = YES;
				INFOPLIST_FILE = "Scedule 2/Sistem/Info.plist";
				INFOPLIST_KEY_UIApplicationSupportsIndirectInputEvents = YES;
				INFOPLIST_KEY_UILaunchStoryboardName = LaunchScreen;
				INFOPLIST_KEY_UIMainStoryboardFile = Main;
				INFOPLIST_KEY_UISupportedInterfaceOrientations_iPad = "UIInterfaceOrientationPortrait UIInterfaceOrientationPortraitUpsideDown UIInterfaceOrientationLandscapeLeft UIInterfaceOrientationLandscapeRight";
				INFOPLIST_KEY_UISupportedInterfaceOrientations_iPhone = "UIInterfaceOrientationPortrait UIInterfaceOrientationLandscapeLeft UIInterfaceOrientationLandscapeRight";
				LD_RUNPATH_SEARCH_PATHS = (
					"$(inherited)",
					"@executable_path/Frameworks",
				);
				MARKETING_VERSION = 1.0;
				PRODUCT_BUNDLE_IDENTIFIER = "Glushchenko.Sergei.Scedule-2";
				PRODUCT_NAME = "$(TARGET_NAME)";
				SWIFT_EMIT_LOC_STRINGS = YES;
				SWIFT_VERSION = 5.0;
				TARGETED_DEVICE_FAMILY = "1,2";
			};
			name = Debug;
		};
		049919872802FF3400047A94 /* Release */ = {
			isa = XCBuildConfiguration;
			buildSettings = {
				ASSETCATALOG_COMPILER_APPICON_NAME = AppIcon;
				ASSETCATALOG_COMPILER_GLOBAL_ACCENT_COLOR_NAME = AccentColor;
				CODE_SIGN_STYLE = Automatic;
				CURRENT_PROJECT_VERSION = 1;
				DEVELOPMENT_TEAM = WZJ6JFW8X2;
				GENERATE_INFOPLIST_FILE = YES;
				INFOPLIST_FILE = "Scedule 2/Sistem/Info.plist";
				INFOPLIST_KEY_UIApplicationSupportsIndirectInputEvents = YES;
				INFOPLIST_KEY_UILaunchStoryboardName = LaunchScreen;
				INFOPLIST_KEY_UIMainStoryboardFile = Main;
				INFOPLIST_KEY_UISupportedInterfaceOrientations_iPad = "UIInterfaceOrientationPortrait UIInterfaceOrientationPortraitUpsideDown UIInterfaceOrientationLandscapeLeft UIInterfaceOrientationLandscapeRight";
				INFOPLIST_KEY_UISupportedInterfaceOrientations_iPhone = "UIInterfaceOrientationPortrait UIInterfaceOrientationLandscapeLeft UIInterfaceOrientationLandscapeRight";
				LD_RUNPATH_SEARCH_PATHS = (
					"$(inherited)",
					"@executable_path/Frameworks",
				);
				MARKETING_VERSION = 1.0;
				PRODUCT_BUNDLE_IDENTIFIER = "Glushchenko.Sergei.Scedule-2";
				PRODUCT_NAME = "$(TARGET_NAME)";
				SWIFT_EMIT_LOC_STRINGS = YES;
				SWIFT_VERSION = 5.0;
				TARGETED_DEVICE_FAMILY = "1,2";
			};
			name = Release;
		};
/* End XCBuildConfiguration section */

/* Begin XCConfigurationList section */
		0499196C2802FF3200047A94 /* Build configuration list for PBXProject "Scedule 2" */ = {
			isa = XCConfigurationList;
			buildConfigurations = (
				049919832802FF3400047A94 /* Debug */,
				049919842802FF3400047A94 /* Release */,
			);
			defaultConfigurationIsVisible = 0;
			defaultConfigurationName = Release;
		};
		049919852802FF3400047A94 /* Build configuration list for PBXNativeTarget "Scedule 2" */ = {
			isa = XCConfigurationList;
			buildConfigurations = (
				049919862802FF3400047A94 /* Debug */,
				049919872802FF3400047A94 /* Release */,
			);
			defaultConfigurationIsVisible = 0;
			defaultConfigurationName = Release;
		};
/* End XCConfigurationList section */
	};
	rootObject = 049919692802FF3200047A94 /* Project object */;
}
